
Microsoft Visual Studio Solution File, Format Version 12.00
# Visual Studio Version 17
VisualStudioVersion = 17.7.34302.85
MinimumVisualStudioVersion = 10.0.40219.1
Project("{FAE04EC0-301F-11D3-BF4B-00C04F79EFBC}") = "DictionaryService", "DictionaryService\DictionaryService.csproj", "{A85D394E-059E-4B9E-9F43-063803A803F8}"
EndProject
Global
	GlobalSection(SolutionConfigurationPlatforms) = preSolution
		Debug|Any CPU = Debug|Any CPU
		Release|Any CPU = Release|Any CPU
	EndGlobalSection
	GlobalSection(ProjectConfigurationPlatforms) = postSolution
		{A85D394E-059E-4B9E-9F43-063803A803F8}.Debug|Any CPU.ActiveCfg = Debug|Any CPU
		{A85D394E-059E-4B9E-9F43-063803A803F8}.Debug|Any CPU.Build.0 = Debug|Any CPU
		{A85D394E-059E-4B9E-9F43-063803A803F8}.Release|Any CPU.ActiveCfg = Release|Any CPU
		{A85D394E-059E-4B9E-9F43-063803A803F8}.Release|Any CPU.Build.0 = Release|Any CPU
	EndGlobalSection
	GlobalSection(SolutionProperties) = preSolution
		HideSolutionNode = FALSE
	EndGlobalSection
	GlobalSection(ExtensibilityGlobals) = postSolution
		SolutionGuid = {3750445B-E2A9-4399-85D8-B328B942619E}
	EndGlobalSection
EndGlobal
