
Microsoft Visual Studio Solution File, Format Version 12.00
# Visual Studio Version 17
VisualStudioVersion = 17.7.34302.85
MinimumVisualStudioVersion = 10.0.40219.1
Project("{9A19103F-16F7-4668-BE54-9A1E7A4F7556}") = "Fibonacci", "FibonacciCaching\Fibonacci.csproj", "{370101A1-9263-4CD1-B27C-77383491F270}"
EndProject
Project("{FAE04EC0-301F-11D3-BF4B-00C04F79EFBC}") = "Fibonacci.Test", "Fibonacci.Test\Fibonacci.Test.csproj", "{7F3E3DDE-A619-4383-BF68-EE9A82F45700}"
EndProject
Global
	GlobalSection(SolutionConfigurationPlatforms) = preSolution
		Debug|Any CPU = Debug|Any CPU
		Release|Any CPU = Release|Any CPU
	EndGlobalSection
	GlobalSection(ProjectConfigurationPlatforms) = postSolution
		{370101A1-9263-4CD1-B27C-77383491F270}.Debug|Any CPU.ActiveCfg = Debug|Any CPU
		{370101A1-9263-4CD1-B27C-77383491F270}.Debug|Any CPU.Build.0 = Debug|Any CPU
		{370101A1-9263-4CD1-B27C-77383491F270}.Release|Any CPU.ActiveCfg = Release|Any CPU
		{370101A1-9263-4CD1-B27C-77383491F270}.Release|Any CPU.Build.0 = Release|Any CPU
		{7F3E3DDE-A619-4383-BF68-EE9A82F45700}.Debug|Any CPU.ActiveCfg = Debug|Any CPU
		{7F3E3DDE-A619-4383-BF68-EE9A82F45700}.Debug|Any CPU.Build.0 = Debug|Any CPU
		{7F3E3DDE-A619-4383-BF68-EE9A82F45700}.Release|Any CPU.ActiveCfg = Release|Any CPU
		{7F3E3DDE-A619-4383-BF68-EE9A82F45700}.Release|Any CPU.Build.0 = Release|Any CPU
	EndGlobalSection
	GlobalSection(SolutionProperties) = preSolution
		HideSolutionNode = FALSE
	EndGlobalSection
	GlobalSection(ExtensibilityGlobals) = postSolution
		SolutionGuid = {BC14BBE8-7848-4697-9C2F-8DF8B3AE922C}
	EndGlobalSection
EndGlobal
