
Microsoft Visual Studio Solution File, Format Version 12.00
# Visual Studio Version 17
VisualStudioVersion = 17.7.34302.85
MinimumVisualStudioVersion = 10.0.40219.1
Project("{FAE04EC0-301F-11D3-BF4B-00C04F79EFBC}") = "Lru", "Lru\Lru.csproj", "{ACF38C14-513F-4FEB-8B9C-D8AAAE2CDC2B}"
EndProject
Project("{FAE04EC0-301F-11D3-BF4B-00C04F79EFBC}") = "Lru.Test", "Lru.Test\Lru.Test.csproj", "{C4557956-89A7-4795-84B3-6D170AB480E4}"
EndProject
Global
	GlobalSection(SolutionConfigurationPlatforms) = preSolution
		Debug|Any CPU = Debug|Any CPU
		Release|Any CPU = Release|Any CPU
	EndGlobalSection
	GlobalSection(ProjectConfigurationPlatforms) = postSolution
		{ACF38C14-513F-4FEB-8B9C-D8AAAE2CDC2B}.Debug|Any CPU.ActiveCfg = Debug|Any CPU
		{ACF38C14-513F-4FEB-8B9C-D8AAAE2CDC2B}.Debug|Any CPU.Build.0 = Debug|Any CPU
		{ACF38C14-513F-4FEB-8B9C-D8AAAE2CDC2B}.Release|Any CPU.ActiveCfg = Release|Any CPU
		{ACF38C14-513F-4FEB-8B9C-D8AAAE2CDC2B}.Release|Any CPU.Build.0 = Release|Any CPU
		{C4557956-89A7-4795-84B3-6D170AB480E4}.Debug|Any CPU.ActiveCfg = Debug|Any CPU
		{C4557956-89A7-4795-84B3-6D170AB480E4}.Debug|Any CPU.Build.0 = Debug|Any CPU
		{C4557956-89A7-4795-84B3-6D170AB480E4}.Release|Any CPU.ActiveCfg = Release|Any CPU
		{C4557956-89A7-4795-84B3-6D170AB480E4}.Release|Any CPU.Build.0 = Release|Any CPU
	EndGlobalSection
	GlobalSection(SolutionProperties) = preSolution
		HideSolutionNode = FALSE
	EndGlobalSection
	GlobalSection(ExtensibilityGlobals) = postSolution
		SolutionGuid = {51A7A3A3-9E6C-49F1-B657-0B7858032BFE}
	EndGlobalSection
EndGlobal
